
Microsoft Visual Studio Solution File, Format Version 12.00
# Visual Studio Version 17
VisualStudioVersion = 17.13.35828.75 d17.13
MinimumVisualStudioVersion = 10.0.40219.1
Project("{FAE04EC0-301F-11D3-BF4B-00C04F79EFBC}") = "GestionEDT", "GestionEDT\GestionEDT.csproj", "{4735FB62-DCC0-4AFC-92F2-0B51FF5866F7}"
EndProject
Global
	GlobalSection(SolutionConfigurationPlatforms) = preSolution
		Debug|Any CPU = Debug|Any CPU
		Release|Any CPU = Release|Any CPU
	EndGlobalSection
	GlobalSection(ProjectConfigurationPlatforms) = postSolution
		{4735FB62-DCC0-4AFC-92F2-0B51FF5866F7}.Debug|Any CPU.ActiveCfg = Debug|Any CPU
		{4735FB62-DCC0-4AFC-92F2-0B51FF5866F7}.Debug|Any CPU.Build.0 = Debug|Any CPU
		{4735FB62-DCC0-4AFC-92F2-0B51FF5866F7}.Release|Any CPU.ActiveCfg = Release|Any CPU
		{4735FB62-DCC0-4AFC-92F2-0B51FF5866F7}.Release|Any CPU.Build.0 = Release|Any CPU
	EndGlobalSection
	GlobalSection(SolutionProperties) = preSolution
		HideSolutionNode = FALSE
	EndGlobalSection
	GlobalSection(ExtensibilityGlobals) = postSolution
		SolutionGuid = {4A7D70E2-441E-473E-A14A-505A2E2C4DA9}
	EndGlobalSection
EndGlobal
